
Microsoft Visual Studio Solution File, Format Version 12.00
Project("{FAE04EC0-301F-11D3-BF4B-00C04F79EFBC}") = "cdg", "cdg\cdg.csproj", "{BDD70667-0AF2-40FA-A770-CD7F09F77B1A}"
EndProject
Global
	GlobalSection(SolutionConfigurationPlatforms) = preSolution
		Debug|Any CPU = Debug|Any CPU
		Release|Any CPU = Release|Any CPU
	EndGlobalSection
	GlobalSection(ProjectConfigurationPlatforms) = postSolution
		{BDD70667-0AF2-40FA-A770-CD7F09F77B1A}.Debug|Any CPU.ActiveCfg = Debug|Any CPU
		{BDD70667-0AF2-40FA-A770-CD7F09F77B1A}.Debug|Any CPU.Build.0 = Debug|Any CPU
		{BDD70667-0AF2-40FA-A770-CD7F09F77B1A}.Release|Any CPU.ActiveCfg = Release|Any CPU
		{BDD70667-0AF2-40FA-A770-CD7F09F77B1A}.Release|Any CPU.Build.0 = Release|Any CPU
	EndGlobalSection
EndGlobal
